
Microsoft Visual Studio Solution File, Format Version 12.00
# Visual Studio 15
VisualStudioVersion = 15.0.27428.2037
MinimumVisualStudioVersion = 10.0.40219.1
Project("{FAE04EC0-301F-11D3-BF4B-00C04F79EFBC}") = "PDTravels.BotApp", "PDTravels.BotApp\PDTravels.BotApp.csproj", "{B8BBA148-26C9-4FA3-9C31-F226AADF4367}"
EndProject
Project("{FAE04EC0-301F-11D3-BF4B-00C04F79EFBC}") = "PDTravels.Services", "PDTravels.Services\PDTravels.Services.csproj", "{8E4DE5A3-B4D6-4F1F-948A-BF446A9067DB}"
EndProject
Project("{FAE04EC0-301F-11D3-BF4B-00C04F79EFBC}") = "PDTravels.WebMvcApp", "PDTravels.WebMvcApp\PDTravels.WebMvcApp.csproj", "{0F20AD02-1B54-472C-B368-C66F01B2B60E}"
EndProject
Global
	GlobalSection(SolutionConfigurationPlatforms) = preSolution
		Debug|Any CPU = Debug|Any CPU
		Release|Any CPU = Release|Any CPU
	EndGlobalSection
	GlobalSection(ProjectConfigurationPlatforms) = postSolution
		{B8BBA148-26C9-4FA3-9C31-F226AADF4367}.Debug|Any CPU.ActiveCfg = Debug|Any CPU
		{B8BBA148-26C9-4FA3-9C31-F226AADF4367}.Debug|Any CPU.Build.0 = Debug|Any CPU
		{B8BBA148-26C9-4FA3-9C31-F226AADF4367}.Release|Any CPU.ActiveCfg = Release|Any CPU
		{B8BBA148-26C9-4FA3-9C31-F226AADF4367}.Release|Any CPU.Build.0 = Release|Any CPU
		{8E4DE5A3-B4D6-4F1F-948A-BF446A9067DB}.Debug|Any CPU.ActiveCfg = Debug|Any CPU
		{8E4DE5A3-B4D6-4F1F-948A-BF446A9067DB}.Debug|Any CPU.Build.0 = Debug|Any CPU
		{8E4DE5A3-B4D6-4F1F-948A-BF446A9067DB}.Release|Any CPU.ActiveCfg = Release|Any CPU
		{8E4DE5A3-B4D6-4F1F-948A-BF446A9067DB}.Release|Any CPU.Build.0 = Release|Any CPU
		{0F20AD02-1B54-472C-B368-C66F01B2B60E}.Debug|Any CPU.ActiveCfg = Debug|Any CPU
		{0F20AD02-1B54-472C-B368-C66F01B2B60E}.Debug|Any CPU.Build.0 = Debug|Any CPU
		{0F20AD02-1B54-472C-B368-C66F01B2B60E}.Release|Any CPU.ActiveCfg = Release|Any CPU
		{0F20AD02-1B54-472C-B368-C66F01B2B60E}.Release|Any CPU.Build.0 = Release|Any CPU
	EndGlobalSection
	GlobalSection(SolutionProperties) = preSolution
		HideSolutionNode = FALSE
	EndGlobalSection
	GlobalSection(ExtensibilityGlobals) = postSolution
		SolutionGuid = {F9214157-C840-4075-8C60-87FB37FD880A}
	EndGlobalSection
EndGlobal
